version = 1
revision = 3
requires-python = ">=3.12, <3.14"

[[package]]
name = "learning-llms-lab"
version = "0.1.0"
source = { virtual = "." }

[package.optional-dependencies]
apple = [
    { name = "mlx", marker = "platform_machine == 'arm64' and sys_platform == 'darwin'" },
]
linux-cpu = [
    { name = "mlx", extra = ["cpu"], marker = "sys_platform == 'linux'" },
]
linux-cuda12 = [
    { name = "mlx", extra = ["cuda12"], marker = "sys_platform == 'linux'" },
]
linux-cuda13 = [
    { name = "mlx", extra = ["cuda13"], marker = "sys_platform == 'linux'" },
]

[package.metadata]
requires-dist = [
    { name = "mlx", marker = "platform_machine == 'arm64' and sys_platform == 'darwin' and extra == 'apple'", specifier = "==0.32.0" },
    { name = "mlx", extras = ["cpu"], marker = "sys_platform == 'linux' and extra == 'linux-cpu'", specifier = "==0.32.0" },
    { name = "mlx", extras = ["cuda12"], marker = "sys_platform == 'linux' and extra == 'linux-cuda12'", specifier = "==0.32.0" },
    { name = "mlx", extras = ["cuda13"], marker = "sys_platform == 'linux' and extra == 'linux-cuda13'", specifier = "==0.32.0" },
]
provides-extras = ["apple", "linux-cpu", "linux-cuda12", "linux-cuda13"]

[[package]]
name = "mlx"
version = "0.32.0"
source = { registry = "https://pypi.org/simple" }
dependencies = [
    { name = "mlx-metal", marker = "sys_platform != 'linux'" },
]
wheels = [
    { url = "https://files.pythonhosted.org/packages/aa/a6/489176d8a2a06137a299910057cc44dc3fccfb73151f7562fea2b75894d9/mlx-0.32.0-cp312-cp312-macosx_14_0_arm64.whl", hash = "sha256:ea5a594355c89c0095eaba413fd39d4caa8642fa13432dfb0c9354d141046467", size = 558889, upload-time = "2026-07-07T17:55:45.268Z" },
    { url = "https://files.pythonhosted.org/packages/85/2a/5d1f1cb1b073c39c822e0c0be1e68f4ced6fd32ab15cf8bb1f448028842c/mlx-0.32.0-cp312-cp312-macosx_15_0_arm64.whl", hash = "sha256:e5f778001562ccce26cf6e5be1050d2afc78e2902bad206201ab9f5a6d0f886a", size = 558890, upload-time = "2026-07-07T17:55:46.701Z" },
    { url = "https://files.pythonhosted.org/packages/0f/01/02110ceacf4efd00ec172f60b4cd42c8b1509ac50ffa65a6a77d723133aa/mlx-0.32.0-cp312-cp312-macosx_26_0_arm64.whl", hash = "sha256:8dfb577faa4dc413cfd0d6eb78f230d3b3b6169df4473e84408abdeb21346e9d", size = 558856, upload-time = "2026-07-07T17:55:48.09Z" },
    { url = "https://files.pythonhosted.org/packages/5e/af/b16b7ab2670edf0f8f2cdeb2b6b3d5ab27a749b31ed74cb6825958ca0892/mlx-0.32.0-cp312-cp312-manylinux_2_35_aarch64.whl", hash = "sha256:50bc29bfaf31dff5138a472b56963bd6ece0fa67800c6c382745aaa41126d01f", size = 617769, upload-time = "2026-07-07T17:55:49.596Z" },
    { url = "https://files.pythonhosted.org/packages/40/ef/c326e05070f35c43a9775ce9dceaf155c8a9b2706a4c52d64e8999d4929a/mlx-0.32.0-cp312-cp312-manylinux_2_35_x86_64.whl", hash = "sha256:78804098c9f64978b6048ffdfd78689b9e06efa2a530c541d0bd73ce44d2f589", size = 675402, upload-time = "2026-07-07T17:55:51.148Z" },
    { url = "https://files.pythonhosted.org/packages/b6/be/ddc888d4a20c7602da06ad1a244f495010c6c7d2457f6253e8fa3c99ceea/mlx-0.32.0-cp313-cp313-macosx_14_0_arm64.whl", hash = "sha256:abb786ee1e9638759be82583222fc7d09c5650ef90ad2b7c5da7d1931a8676dc", size = 558795, upload-time = "2026-07-07T17:55:54.907Z" },
    { url = "https://files.pythonhosted.org/packages/38/b9/4f0ae7785fdb3fa7e44434908d832cbc7a9a1e096d046ac6fe953812c52c/mlx-0.32.0-cp313-cp313-macosx_15_0_arm64.whl", hash = "sha256:deb284f3a5cd0c3e87bed80c2bee9dcbf946bdad44d75592f6fb784da878c1c0", size = 558799, upload-time = "2026-07-07T17:55:56.844Z" },
    { url = "https://files.pythonhosted.org/packages/4c/a8/7bc999ce5d09dfac8961dcda4ed47e173fca2857492f34599b237380f20d/mlx-0.32.0-cp313-cp313-macosx_26_0_arm64.whl", hash = "sha256:4192a2d02014a13a6a1030bf13dfb4e4fe05ec3ffa47678ee37da29111e25cb1", size = 558786, upload-time = "2026-07-07T17:55:58.272Z" },
    { url = "https://files.pythonhosted.org/packages/83/cf/90980e28e6adaaf47d7951604ff2ac4ceb3952040f941bececb9b7a07a4c/mlx-0.32.0-cp313-cp313-manylinux_2_35_aarch64.whl", hash = "sha256:102043c6455fe0939509c1e96caec4678f51e241981238da97c83beeed5653f6", size = 617228, upload-time = "2026-07-07T17:55:59.603Z" },
    { url = "https://files.pythonhosted.org/packages/11/fa/e3608936caa02ebf7fc645e3289134918facb0cff6dcb563d51996a5b70e/mlx-0.32.0-cp313-cp313-manylinux_2_35_x86_64.whl", hash = "sha256:e5cdb9bf7c1a9320827a65f7ed63e3742d5b9280d31affc0c277e77982d465ae", size = 675294, upload-time = "2026-07-07T17:56:00.993Z" },
]

[package.optional-dependencies]
cpu = [
    { name = "mlx-cpu" },
]
cuda12 = [
    { name = "mlx-cuda-12" },
]
cuda13 = [
    { name = "mlx-cuda-13" },
]

[[package]]
name = "mlx-cpu"
version = "0.32.0"
source = { registry = "https://pypi.org/simple" }
wheels = [
    { url = "https://files.pythonhosted.org/packages/58/f7/5d9b53ad219d2ed31f66a103eba097e07a77bb5b0b0ea4dbfb12a8bfd224/mlx_cpu-0.32.0-py3-none-manylinux_2_35_aarch64.whl", hash = "sha256:b23f19d34073445b32a724358ba21bfb114a84021c9507be700479a191a9ae08", size = 8792264, upload-time = "2026-07-07T17:55:12.942Z" },
    { url = "https://files.pythonhosted.org/packages/0a/02/16c07a41e382312d6b86f1df5ee2975246b94f88a289c0468a9d9a5cd368/mlx_cpu-0.32.0-py3-none-manylinux_2_35_x86_64.whl", hash = "sha256:d5052fa8e1cbc135cc4b6fc09745f9a57a2cbd1b4def17449e965ef263239d75", size = 10370672, upload-time = "2026-07-07T17:55:15.263Z" },
]

[[package]]
name = "mlx-cuda-12"
version = "0.32.0"
source = { registry = "https://pypi.org/simple" }
dependencies = [
    { name = "nvidia-cublas-cu12" },
    { name = "nvidia-cuda-nvrtc-cu12" },
    { name = "nvidia-cudnn-cu12" },
    { name = "nvidia-cufft-cu12" },
    { name = "nvidia-nccl-cu12" },
]
wheels = [
    { url = "https://files.pythonhosted.org/packages/83/e3/344eead1594a5c9e04c19dcc90885d3c9f8135d1dafcb0e02e727a43dc8d/mlx_cuda_12-0.32.0-py3-none-manylinux_2_35_aarch64.whl", hash = "sha256:fb0d059da3f79c39fa0bc588f6f82a63fe2030f3ef49c099f9b76c8d0c7d6da4", size = 82230839, upload-time = "2026-07-07T17:55:17.813Z" },
    { url = "https://files.pythonhosted.org/packages/95/cd/3e29b39f4f9abfc3b2eb4266c8e7e6584b6332b73bfc843788cce9765ac4/mlx_cuda_12-0.32.0-py3-none-manylinux_2_35_x86_64.whl", hash = "sha256:7bd2257ace500eab7e86d7528e1b49e02bdd3de90192726198ff484bdef2b224", size = 84608422, upload-time = "2026-07-07T17:55:22.053Z" },
]

[[package]]
name = "mlx-cuda-13"
version = "0.32.0"
source = { registry = "https://pypi.org/simple" }
dependencies = [
    { name = "nvidia-cublas" },
    { name = "nvidia-cuda-nvrtc" },
    { name = "nvidia-cudnn-cu13" },
    { name = "nvidia-cufft" },
    { name = "nvidia-nccl-cu13" },
]
wheels = [
    { url = "https://files.pythonhosted.org/packages/50/8b/adb45599c6246d3ce5a8244423772b7b843aae76e0d515d3ad1d0dacd83f/mlx_cuda_13-0.32.0-py3-none-manylinux_2_35_aarch64.whl", hash = "sha256:dde359cf17bc721704d4792c17ce35cb05563749347be2b4c98e787adf16051e", size = 81971543, upload-time = "2026-07-07T17:55:30.211Z" },
    { url = "https://files.pythonhosted.org/packages/b6/44/fb97e22367e1def980ea408596c332a4b2631b22988a8684429f1a42d10b/mlx_cuda_13-0.32.0-py3-none-manylinux_2_35_x86_64.whl", hash = "sha256:f49a0691a811dd5d0a1200435c76405c1fb85d50b1f4856f2e3d3a96a89f3955", size = 84869230, upload-time = "2026-07-07T17:55:34.509Z" },
]

[[package]]
name = "mlx-metal"
version = "0.32.0"
source = { registry = "https://pypi.org/simple" }
wheels = [
    { url = "https://files.pythonhosted.org/packages/d6/ef/d74ae99cfe9ddb59fd08abd14f47754c3d199291a93756903fa595b31b8a/mlx_metal-0.32.0-py3-none-macosx_14_0_arm64.whl", hash = "sha256:5b64b20ac24b0c401f489de01e8209edc4d372125201f19314e6f39e385322aa", size = 40824649, upload-time = "2026-07-07T17:55:20.7Z" },
    { url = "https://files.pythonhosted.org/packages/d5/38/b96a3de98cfbb009592b3870af46ff63657b192f8d1e06c6c1faea5fbef3/mlx_metal-0.32.0-py3-none-macosx_15_0_arm64.whl", hash = "sha256:1bd94a1ce5b03a0c898771a3e759f0124300c6ab5155127906a1d50b1f3fcf19", size = 40818869, upload-time = "2026-07-07T17:55:25.059Z" },
    { url = "https://files.pythonhosted.org/packages/dc/59/65d32520175379df33f107749193aa94ea9db069167a36a1a100ff689f62/mlx_metal-0.32.0-py3-none-macosx_26_0_arm64.whl", hash = "sha256:3af76a498d84804f66119800499f9d143d7dffb0878a0dd0d7c2846e58565fd7", size = 56511379, upload-time = "2026-07-07T17:55:36.045Z" },
]

[[package]]
name = "nvidia-cublas"
version = "13.6.1.10"
source = { registry = "https://pypi.org/simple" }
dependencies = [
    { name = "nvidia-cuda-nvrtc" },
]
wheels = [
    { url = "https://files.pythonhosted.org/packages/42/51/a174a0e79793e528ef4645a9d554e3aa48fd8da3f9c9cf523c0176bb121b/nvidia_cublas-13.6.1.10-py3-none-manylinux_2_27_aarch64.whl", hash = "sha256:e05a431062a17cb9b02e2f37e67817b637051ce8fad57b388482c594396ddbb4", size = 518610411, upload-time = "2026-07-30T18:18:32.969Z" },
    { url = "https://files.pythonhosted.org/packages/dd/e9/288a93d8234b8f8ea0ccac7b8cc5d7aa4c663d9676c64f4a2eb3a1f9ffc4/nvidia_cublas-13.6.1.10-py3-none-manylinux_2_27_x86_64.whl", hash = "sha256:feb2ed8a1e211bc5774413efc0f1a08c4d5269b56f68b4ac6fe5408e57f7dc1c", size = 410475904, upload-time = "2026-07-30T18:19:26.388Z" },
]

[[package]]
name = "nvidia-cublas-cu12"
version = "12.9.2.10"
source = { registry = "https://pypi.org/simple" }
dependencies = [
    { name = "nvidia-cuda-nvrtc-cu12" },
]
wheels = [
    { url = "https://files.pythonhosted.org/packages/f7/a2/c96163a0fff1839c0c9548bbdeae7b853b867009e33b9b9264adc238b1cf/nvidia_cublas_cu12-12.9.2.10-py3-none-manylinux_2_27_aarch64.whl", hash = "sha256:5572131a59c3eebeeb1c4c8144f772d49372c20124916e072a0e3fc30df421d5", size = 575012079, upload-time = "2026-04-08T18:51:47.303Z" },
    { url = "https://files.pythonhosted.org/packages/cb/c0/0a517bfe63ccd3b92eb254d264e28fca3c7cab75d07daea315250fb1bf73/nvidia_cublas_cu12-12.9.2.10-py3-none-manylinux_2_27_x86_64.whl", hash = "sha256:e4f53a8ca8c5d6e8c492d0d0a3d565ecb59a751b19cfdaa4f6da0ab2104c1702", size = 581240110, upload-time = "2026-04-08T18:52:31.532Z" },
]

[[package]]
name = "nvidia-cuda-nvrtc"
version = "13.3.33"
source = { registry = "https://pypi.org/simple" }
wheels = [
    { url = "https://files.pythonhosted.org/packages/8b/2c/86916c8a34dcdb0c3ddd1c0e30545041bd781184e437b9cb76fcda70560b/nvidia_cuda_nvrtc-13.3.33-py3-none-manylinux2010_x86_64.manylinux_2_12_x86_64.whl", hash = "sha256:82530788b8c6164a54d3fd9ae8bcca8893d397c4aeb998861982a03bbe41e204", size = 51110910, upload-time = "2026-05-26T16:38:16.116Z" },
    { url = "https://files.pythonhosted.org/packages/e7/b6/60a3641111d39ebfcfcd8b8bfd0290d7623c4b8b5f90952c2d84776f8ca4/nvidia_cuda_nvrtc-13.3.33-py3-none-manylinux2014_aarch64.manylinux_2_17_aarch64.whl", hash = "sha256:7b05ecda494c6dabc44231a608b060a71008a730d9dfda932cc508e6d29159e0", size = 49260054, upload-time = "2026-05-26T16:37:51.177Z" },
]

[[package]]
name = "nvidia-cuda-nvrtc-cu12"
version = "12.9.86"
source = { registry = "https://pypi.org/simple" }
wheels = [
    { url = "https://files.pythonhosted.org/packages/b8/85/e4af82cc9202023862090bfca4ea827d533329e925c758f0cde964cb54b7/nvidia_cuda_nvrtc_cu12-12.9.86-py3-none-manylinux2010_x86_64.manylinux_2_12_x86_64.whl", hash = "sha256:210cf05005a447e29214e9ce50851e83fc5f4358df8b453155d5e1918094dcb4", size = 89568129, upload-time = "2025-06-05T20:02:41.973Z" },
    { url = "https://files.pythonhosted.org/packages/64/eb/c2295044b8f3b3b08860e2f6a912b702fc92568a167259df5dddb78f325e/nvidia_cuda_nvrtc_cu12-12.9.86-py3-none-manylinux2014_aarch64.manylinux_2_17_aarch64.whl", hash = "sha256:096d4de6bda726415dfaf3198d4f5c522b8e70139c97feef5cd2ca6d4cd9cead", size = 44528905, upload-time = "2025-06-05T20:02:29.754Z" },
]

[[package]]
name = "nvidia-cudnn-cu12"
version = "9.24.0.43"
source = { registry = "https://pypi.org/simple" }
dependencies = [
    { name = "nvidia-cublas-cu12" },
]
wheels = [
    { url = "https://files.pythonhosted.org/packages/9c/f1/cd42563325fa827f54ff30da05686c747652bdbd4cb5654cea54d7d0ad4f/nvidia_cudnn_cu12-9.24.0.43-py3-none-manylinux_2_27_aarch64.whl", hash = "sha256:a42996943f0cd78ddfd61c8bf59361672a19b63e0491aa22a53d6fe63a3f854a", size = 856490582, upload-time = "2026-07-02T16:21:30.924Z" },
    { url = "https://files.pythonhosted.org/packages/10/13/b8887c869cf2471339a24b60d3c28e761facbb534935f572b61423371abb/nvidia_cudnn_cu12-9.24.0.43-py3-none-manylinux_2_27_x86_64.whl", hash = "sha256:f424192dd85e7d29f44be18df2dae4c80d32c67a29c0d42f5c283c40cfdf871c", size = 799083985, upload-time = "2026-07-02T16:25:37.467Z" },
]

[[package]]
name = "nvidia-cudnn-cu13"
version = "9.24.0.43"
source = { registry = "https://pypi.org/simple" }
dependencies = [
    { name = "nvidia-cublas" },
]
wheels = [
    { url = "https://files.pythonhosted.org/packages/ca/30/7c257e3d5cb4fecb147b93895c66e29c93f8e76d74b45bb418ff0587c4ec/nvidia_cudnn_cu13-9.24.0.43-py3-none-manylinux_2_27_aarch64.whl", hash = "sha256:a6812a554a1ff0413e9c52b84c26c050380649ab9615f9c16bded368ce9f421f", size = 650976863, upload-time = "2026-07-02T16:23:39.248Z" },
    { url = "https://files.pythonhosted.org/packages/5c/ba/791cffd048fe5b044e620df55267e3e95c0e6e07d50b41e377c03dfc910f/nvidia_cudnn_cu13-9.24.0.43-py3-none-manylinux_2_27_x86_64.whl", hash = "sha256:71f181cd810e90f9b6023b01186fe82d13d65f0ec098581ee201d39fad769e4b", size = 553099438, upload-time = "2026-07-02T16:27:42.58Z" },
]

[[package]]
name = "nvidia-cufft"
version = "12.3.0.29"
source = { registry = "https://pypi.org/simple" }
dependencies = [
    { name = "nvidia-nvjitlink" },
]
wheels = [
    { url = "https://files.pythonhosted.org/packages/f9/bc/543e6dfbcb659ed07a94a72d8925c8b5688dabc1f616ab2f6575483a3cb6/nvidia_cufft-12.3.0.29-py3-none-manylinux2014_aarch64.manylinux_2_17_aarch64.whl", hash = "sha256:3c268ec73fdbfd22e42913dcef6e49e0c305ab09cd9848268a841cbe9f33f748", size = 184700143, upload-time = "2026-05-26T16:45:25.443Z" },
    { url = "https://files.pythonhosted.org/packages/e7/00/fab4a29fa1d7eb43bc6b94de4e86312c5e425d5582e58b9641300b9dffc7/nvidia_cufft-12.3.0.29-py3-none-manylinux2014_x86_64.manylinux_2_17_x86_64.whl", hash = "sha256:edb25c0626bd202ee5acc035b5dd361a3b89ed3b75a81a52df72c89150cb57c2", size = 184730406, upload-time = "2026-05-26T16:46:18.193Z" },
]

[[package]]
name = "nvidia-cufft-cu12"
version = "11.4.1.4"
source = { registry = "https://pypi.org/simple" }
dependencies = [
    { name = "nvidia-nvjitlink-cu12" },
]
wheels = [
    { url = "https://files.pythonhosted.org/packages/9b/2b/76445b0af890da61b501fde30650a1a4bd910607261b209cccb5235d3daa/nvidia_cufft_cu12-11.4.1.4-py3-none-manylinux2014_aarch64.manylinux_2_17_aarch64.whl", hash = "sha256:1a28c9b12260a1aa7a8fd12f5ebd82d027963d635ba82ff39a1acfa7c4c0fbcf", size = 200822453, upload-time = "2025-06-05T20:05:27.889Z" },
    { url = "https://files.pythonhosted.org/packages/95/f4/61e6996dd20481ee834f57a8e9dca28b1869366a135e0d42e2aa8493bdd4/nvidia_cufft_cu12-11.4.1.4-py3-none-manylinux2014_x86_64.manylinux_2_17_x86_64.whl", hash = "sha256:c67884f2a7d276b4b80eb56a79322a95df592ae5e765cf1243693365ccab4e28", size = 200877592, upload-time = "2025-06-05T20:05:45.862Z" },
]

[[package]]
name = "nvidia-nccl-cu12"
version = "2.31.2"
source = { registry = "https://pypi.org/simple" }
wheels = [
    { url = "https://files.pythonhosted.org/packages/37/85/b073e54c993cd9f79faa955d7c9bd7356da408935483aebc3cbb53a922ec/nvidia_nccl_cu12-2.31.2-py3-none-manylinux_2_18_aarch64.whl", hash = "sha256:f208de397e431631eab0eca946444404a495d43a007535baa333d7de9e510ca2", size = 342026203, upload-time = "2026-08-11T23:23:40.509Z" },
    { url = "https://files.pythonhosted.org/packages/0f/36/104de52d6368f5b7f886e8fd252e0a438fe73a215e59b1b47f93a80ae2ea/nvidia_nccl_cu12-2.31.2-py3-none-manylinux_2_18_x86_64.whl", hash = "sha256:f9b1dc3c2a7e20176054144ebb3b32fea83b40402ee5d7ac7045cd11ecc956c0", size = 342105414, upload-time = "2026-08-11T23:24:24.167Z" },
]

[[package]]
name = "nvidia-nccl-cu13"
version = "2.31.2"
source = { registry = "https://pypi.org/simple" }
wheels = [
    { url = "https://files.pythonhosted.org/packages/52/a0/530efd7db8857c0436868bb7df9764f09fde2bd4d1f0bae546eec9fc40d0/nvidia_nccl_cu13-2.31.2-py3-none-manylinux_2_18_aarch64.whl", hash = "sha256:b5563f8e2534f363d93ace022670ba016d3717e190ac4eba564d05fbbe8495b1", size = 252479893, upload-time = "2026-08-11T23:22:01.53Z" },
    { url = "https://files.pythonhosted.org/packages/14/fb/94933e00bb3dcfdf66ea3456739c6a51d322353f7cc64fa1f5f660e695ac/nvidia_nccl_cu13-2.31.2-py3-none-manylinux_2_18_x86_64.whl", hash = "sha256:0bcaf0308854cb55fcc35af72e2c83143f3b71e65a4e865e2c586b1cdcdb5ae0", size = 252442223, upload-time = "2026-08-11T23:22:40.341Z" },
]

[[package]]
name = "nvidia-nvjitlink"
version = "13.3.33"
source = { registry = "https://pypi.org/simple" }
wheels = [
    { url = "https://files.pythonhosted.org/packages/f0/ee/580ca6f29dcab0221db8706badca1bbbb084f1975c4d4e83329c3a7e31f0/nvidia_nvjitlink-13.3.33-py3-none-manylinux2010_x86_64.manylinux_2_12_x86_64.whl", hash = "sha256:26a6de7fb4c8fdaa7703d3dad720d6d427ddfea5c48a528fd97c11733ad830e5", size = 40742423, upload-time = "2026-05-26T16:54:51.613Z" },
    { url = "https://files.pythonhosted.org/packages/69/30/45414e35ff2eee7db3da037e5707037ccf9d2b5218ffbdb055ea4d5aa98a/nvidia_nvjitlink-13.3.33-py3-none-manylinux2014_aarch64.manylinux_2_17_aarch64.whl", hash = "sha256:ce48b37dfeb3cb1eae4cf85adacb47d7a6539ea2272870c9a3628ce275c2037e", size = 39168635, upload-time = "2026-05-26T16:54:13.906Z" },
]

[[package]]
name = "nvidia-nvjitlink-cu12"
version = "12.9.86"
source = { registry = "https://pypi.org/simple" }
wheels = [
    { url = "https://files.pythonhosted.org/packages/46/0c/c75bbfb967457a0b7670b8ad267bfc4fffdf341c074e0a80db06c24ccfd4/nvidia_nvjitlink_cu12-12.9.86-py3-none-manylinux2010_x86_64.manylinux_2_12_x86_64.whl", hash = "sha256:e3f1171dbdc83c5932a45f0f4c99180a70de9bd2718c1ab77d14104f6d7147f9", size = 39748338, upload-time = "2025-06-05T20:10:25.613Z" },
    { url = "https://files.pythonhosted.org/packages/97/bc/2dcba8e70cf3115b400fef54f213bcd6715a3195eba000f8330f11e40c45/nvidia_nvjitlink_cu12-12.9.86-py3-none-manylinux2014_aarch64.manylinux_2_17_aarch64.whl", hash = "sha256:994a05ef08ef4b0b299829cde613a424382aff7efb08a7172c1fa616cc3af2ca", size = 39514880, upload-time = "2025-06-05T20:10:04.89Z" },
]
