version = 1
revision = 3
requires-python = ">=3.12, <3.14"

[[package]]
name = "anyio"
version = "4.14.2"
source = { registry = "https://pypi.org/simple" }
dependencies = [
    { name = "idna" },
    { name = "typing-extensions", marker = "python_full_version < '3.13'" },
]
sdist = { url = "https://files.pythonhosted.org/packages/61/cc/a381afa6efea9f496eff839d4a6a1aed3bfafc7b3ab4b0d1b243a12573dd/anyio-4.14.2.tar.gz", hash = "sha256:cfa139f3ed1a23ee8f88a145ddb5ac7605b8bbfd8592baacd7ce3d8bb4313c7f", size = 260176, upload-time = "2026-07-12T20:29:07.082Z" }
wheels = [
    { url = "https://files.pythonhosted.org/packages/da/35/f2287558c17e29fafc8ef3daf819bb9834061cfa43bff8014f7df7f63bdc/anyio-4.14.2-py3-none-any.whl", hash = "sha256:9f505dda5ac9f0c8309b5e8bd445a8c2bf7246f3ce950121e45ea15bc41d1494", size = 125813, upload-time = "2026-07-12T20:29:05.763Z" },
]

[[package]]
name = "certifi"
version = "2026.7.22"
source = { registry = "https://pypi.org/simple" }
sdist = { url = "https://files.pythonhosted.org/packages/a3/c2/24167ea9858356b47a87a50d39908bfdb72ceeefe0041586e704e5376b3a/certifi-2026.7.22.tar.gz", hash = "sha256:741e2c3b351ddf169a738da9f2c048608ff7f2c5cc02f1ebc6b118bb090d5d55", size = 138112, upload-time = "2026-07-22T03:35:12.644Z" }
wheels = [
    { url = "https://files.pythonhosted.org/packages/0b/a7/71ac2cff56fec219ed242bb11b8efb69fcc4bec75db06fb7bfe35de520e6/certifi-2026.7.22-py3-none-any.whl", hash = "sha256:62f22742b58a1a33014a2b6b706588a8d7e2a88ae7bd1a6ebe8c992928483775", size = 136983, upload-time = "2026-07-22T03:35:11.276Z" },
]

[[package]]
name = "click"
version = "8.4.2"
source = { registry = "https://pypi.org/simple" }
dependencies = [
    { name = "colorama", marker = "sys_platform == 'win32'" },
]
sdist = { url = "https://files.pythonhosted.org/packages/76/d4/81420972a676e8ffea40450d8c8c92943e7218a78fe9b64359836cc9876b/click-8.4.2.tar.gz", hash = "sha256:9a6cea6e60b17ebe0a44c5cc636d94f09bd66142c1cd7d8b4cd731c4917a15f6", size = 338000, upload-time = "2026-06-24T17:45:15.148Z" }
wheels = [
    { url = "https://files.pythonhosted.org/packages/fb/e2/79c688af8b210d232694e31e59da9f6ec747bae31c3f5946e4e9b98860d5/click-8.4.2-py3-none-any.whl", hash = "sha256:e6f9f66136c816745b9d65817da91d61d957fb16e02e4dcd0552553c5a197b76", size = 119243, upload-time = "2026-06-24T17:45:13.73Z" },
]

[[package]]
name = "colorama"
version = "0.4.6"
source = { registry = "https://pypi.org/simple" }
sdist = { url = "https://files.pythonhosted.org/packages/d8/53/6f443c9a4a8358a93a6792e2acffb9d9d5cb0a5cfd8802644b7b1c9a02e4/colorama-0.4.6.tar.gz", hash = "sha256:08695f5cb7ed6e0531a20572697297273c47b8cae5a63ffc6d6ed5c201be6e44", size = 27697, upload-time = "2022-10-25T02:36:22.414Z" }
wheels = [
    { url = "https://files.pythonhosted.org/packages/d1/d6/3965ed04c63042e047cb6a3e6ed1a63a35087b6a609aa3a15ed8ac56c221/colorama-0.4.6-py2.py3-none-any.whl", hash = "sha256:4f1d9991f5acc0ca119f9d443620b77f9d6b33703e51011c16baf57afb285fc6", size = 25335, upload-time = "2022-10-25T02:36:20.889Z" },
]

[[package]]
name = "filelock"
version = "3.32.3"
source = { registry = "https://pypi.org/simple" }
sdist = { url = "https://files.pythonhosted.org/packages/7d/64/a02e6765de08964ed371eca577870593245afc9dfac16d037de7c10d18e6/filelock-3.32.3.tar.gz", hash = "sha256:0ffa185a3540854c95caa7fa76b76cb219d907415e2c5dc9af25fd970563487f", size = 218135, upload-time = "2026-08-13T16:00:05.577Z" }
wheels = [
    { url = "https://files.pythonhosted.org/packages/a7/8e/50f46a9c0ce8d2861a394c1347caae037ea0431d2f67d7feb151cbc4649a/filelock-3.32.3-py3-none-any.whl", hash = "sha256:7f0ca4bcc0e181c60dbbd8aa9ab5b120ebb99e4e064e83636340056f833a1f09", size = 98901, upload-time = "2026-08-13T16:00:03.974Z" },
]

[[package]]
name = "fsspec"
version = "2026.7.0"
source = { registry = "https://pypi.org/simple" }
sdist = { url = "https://files.pythonhosted.org/packages/00/78/f34251dadb8f3921264a1d9b8946f5e542014ee2614b285261b4e40e6775/fsspec-2026.7.0.tar.gz", hash = "sha256:c803c40f4cf860b49dea58ee3e1c33cb9c790520e233537e1340049f89b82a88", size = 317040, upload-time = "2026-07-28T16:34:51.052Z" }
wheels = [
    { url = "https://files.pythonhosted.org/packages/fd/3c/6a2bf344106328fd04963664a60b9bb6496fc25df8e962fcdc1367285fb9/fsspec-2026.7.0-py3-none-any.whl", hash = "sha256:b57ddbafedfaef7018c1ecab32aa200a9d7ca26b77965f64e48b70061249d279", size = 206583, upload-time = "2026-07-28T16:34:49.538Z" },
]

[[package]]
name = "h11"
version = "0.16.0"
source = { registry = "https://pypi.org/simple" }
sdist = { url = "https://files.pythonhosted.org/packages/01/ee/02a2c011bdab74c6fb3c75474d40b3052059d95df7e73351460c8588d963/h11-0.16.0.tar.gz", hash = "sha256:4e35b956cf45792e4caa5885e69fba00bdbc6ffafbfa020300e549b208ee5ff1", size = 101250, upload-time = "2025-04-24T03:35:25.427Z" }
wheels = [
    { url = "https://files.pythonhosted.org/packages/04/4b/29cac41a4d98d144bf5f6d33995617b185d14b22401f75ca86f384e87ff1/h11-0.16.0-py3-none-any.whl", hash = "sha256:63cf8bbe7522de3bf65932fda1d9c2772064ffb3dae62d55932da54b31cb6c86", size = 37515, upload-time = "2025-04-24T03:35:24.344Z" },
]

[[package]]
name = "hf-xet"
version = "1.6.0"
source = { registry = "https://pypi.org/simple" }
sdist = { url = "https://files.pythonhosted.org/packages/1b/ab/522a2ab67f27971a9d48ca666d4fca85ef7d5282d142e31fd087e27b1bbe/hf_xet-1.6.0.tar.gz", hash = "sha256:2e58454a340b3556dfa4972d5451aff4fba8dd42a236600ba1a1d2b1514f0fef", size = 920527, upload-time = "2026-08-03T22:33:13.243Z" }
wheels = [
    { url = "https://files.pythonhosted.org/packages/a2/50/7afa2c9c787405864fc47a0d1bbc02c62e9101947ed43c1f43899fc7d91d/hf_xet-1.6.0-cp38-abi3-macosx_10_12_x86_64.whl", hash = "sha256:633dc0cd71d32da58ab8c03ad38e2fac452c15c2b0a2866ebf6ededfe0a5061d", size = 4071729, upload-time = "2026-08-03T22:33:00.721Z" },
    { url = "https://files.pythonhosted.org/packages/4b/69/55b8dcf636142ae660fec1869fcac14c4da2e8412e14d6eee1523be77e9f/hf_xet-1.6.0-cp38-abi3-macosx_11_0_arm64.whl", hash = "sha256:f0906082d9932ae0c0057fa194041c22b4e2cdb46b2592ef3b91f020d62a081a", size = 3876287, upload-time = "2026-08-03T22:33:02.251Z" },
    { url = "https://files.pythonhosted.org/packages/67/4e/a28359bf1c1ecf11eba22123168c138698f7cb576ac678f5a2e16cd5da08/hf_xet-1.6.0-cp38-abi3-manylinux2014_x86_64.manylinux_2_17_x86_64.whl", hash = "sha256:d62671bb130879cef0ee4c9ebe47a14af6c66ec53e6d84dc15936e5ffdfac82f", size = 4464663, upload-time = "2026-08-03T22:33:03.802Z" },
    { url = "https://files.pythonhosted.org/packages/9a/69/1f0cbc2fb22ae6082d094f743d1b8945a3f36f6089cb95f42b7ee348cda7/hf_xet-1.6.0-cp38-abi3-manylinux_2_28_aarch64.whl", hash = "sha256:0e6e21fa3cdfcdcd76748564bf593870a5e013f47d97cf10aed63aa222cff5b7", size = 4262538, upload-time = "2026-08-03T22:33:05.287Z" },
    { url = "https://files.pythonhosted.org/packages/d1/3a/4f4f2301ade26e404462d3336fa11f7958d914cabbabdd6e03c3c5d5658c/hf_xet-1.6.0-cp38-abi3-musllinux_1_2_aarch64.whl", hash = "sha256:4fc74352a17015bd0ee90038bc9efe38db894cde45f268b6712b04fce8cd0acb", size = 4460520, upload-time = "2026-08-03T22:33:06.81Z" },
    { url = "https://files.pythonhosted.org/packages/ab/5f/311725e2a905534dfee2dcb5b08414f249147f1f12252bfc2bd24caa075c/hf_xet-1.6.0-cp38-abi3-musllinux_1_2_x86_64.whl", hash = "sha256:8fb4f71cba6129110c3374a33f919001ff130488fc23553698e34cc1c2a1198c", size = 4675937, upload-time = "2026-08-03T22:33:08.616Z" },
    { url = "https://files.pythonhosted.org/packages/98/b7/8c59a66d15205024662f1d66968136f13893f96df1ddc5087e2e281fc95f/hf_xet-1.6.0-cp38-abi3-win_amd64.whl", hash = "sha256:fb4fadde1b2b70bf4c0c14a6dccbe7194b1c28947fefd5bbe3fed9d940676c3b", size = 4033128, upload-time = "2026-08-03T22:33:10.171Z" },
    { url = "https://files.pythonhosted.org/packages/73/63/ca511b6f802f28cf3489b280fe77475bcca8de85e81a6299d7916b5b5555/hf_xet-1.6.0-cp38-abi3-win_arm64.whl", hash = "sha256:3dc3e35441ba395006af5aaacc40ef2e603c51ef46c3530b9156185f00935ea3", size = 3859359, upload-time = "2026-08-03T22:33:11.725Z" },
]

[[package]]
name = "httpcore"
version = "1.0.9"
source = { registry = "https://pypi.org/simple" }
dependencies = [
    { name = "certifi" },
    { name = "h11" },
]
sdist = { url = "https://files.pythonhosted.org/packages/06/94/82699a10bca87a5556c9c59b5963f2d039dbd239f25bc2a63907a05a14cb/httpcore-1.0.9.tar.gz", hash = "sha256:6e34463af53fd2ab5d807f399a9b45ea31c3dfa2276f15a2c3f00afff6e176e8", size = 85484, upload-time = "2025-04-24T22:06:22.219Z" }
wheels = [
    { url = "https://files.pythonhosted.org/packages/7e/f5/f66802a942d491edb555dd61e3a9961140fd64c90bce1eafd741609d334d/httpcore-1.0.9-py3-none-any.whl", hash = "sha256:2d400746a40668fc9dec9810239072b40b4484b640a8c38fd654a024c7a1bf55", size = 78784, upload-time = "2025-04-24T22:06:20.566Z" },
]

[[package]]
name = "httpx"
version = "0.28.1"
source = { registry = "https://pypi.org/simple" }
dependencies = [
    { name = "anyio" },
    { name = "certifi" },
    { name = "httpcore" },
    { name = "idna" },
]
sdist = { url = "https://files.pythonhosted.org/packages/b1/df/48c586a5fe32a0f01324ee087459e112ebb7224f646c0b5023f5e79e9956/httpx-0.28.1.tar.gz", hash = "sha256:75e98c5f16b0f35b567856f597f06ff2270a374470a5c2392242528e3e3e42fc", size = 141406, upload-time = "2024-12-06T15:37:23.222Z" }
wheels = [
    { url = "https://files.pythonhosted.org/packages/2a/39/e50c7c3a983047577ee07d2a9e53faf5a69493943ec3f6a384bdc792deb2/httpx-0.28.1-py3-none-any.whl", hash = "sha256:d909fcccc110f8c7faf814ca82a9a4d816bc5a6dbfea25d6591d6985b8ba59ad", size = 73517, upload-time = "2024-12-06T15:37:21.509Z" },
]

[[package]]
name = "huggingface-hub"
version = "1.28.0"
source = { registry = "https://pypi.org/simple" }
dependencies = [
    { name = "click" },
    { name = "filelock" },
    { name = "fsspec" },
    { name = "hf-xet", marker = "platform_machine == 'AMD64' or platform_machine == 'aarch64' or platform_machine == 'amd64' or platform_machine == 'arm64' or platform_machine == 'x86_64'" },
    { name = "httpx" },
    { name = "packaging" },
    { name = "pyyaml" },
    { name = "tqdm" },
    { name = "typing-extensions" },
]
sdist = { url = "https://files.pythonhosted.org/packages/c6/ae/222a91937ebee7f62c0ca8f5ee0afd97577caf24c0abb927d1f5c7e9f6d2/huggingface_hub-1.28.0.tar.gz", hash = "sha256:46a2e950c09234de54093d587d1675382f0d08dbd600d9fb599b5932f5b2c6cb", size = 959609, upload-time = "2026-08-18T12:27:15.101Z" }
wheels = [
    { url = "https://files.pythonhosted.org/packages/51/0e/eafef18f1a75e125e68395db21131db0cf868a128ecd2fce69b4df6c584b/huggingface_hub-1.28.0-py3-none-any.whl", hash = "sha256:58a8bacb03072edfc38067065e9dc24bbb34805410fcd36a1632de0b329660bb", size = 793202, upload-time = "2026-08-18T12:27:12.719Z" },
]

[[package]]
name = "idna"
version = "3.19"
source = { registry = "https://pypi.org/simple" }
sdist = { url = "https://files.pythonhosted.org/packages/5f/f7/abb373e5757eaec4b922b92f97ec8d6d7e057cf06778247604fbc4e7c3f3/idna-3.19.tar.gz", hash = "sha256:5e0811a4383b21dc5838069f801c4fb62113b7447663d2530d2bd6e77b49bf15", size = 215237, upload-time = "2026-08-18T05:14:24.27Z" }
wheels = [
    { url = "https://files.pythonhosted.org/packages/57/b0/0e52c878c53f245edd3a11020f20979b3f490f245af532c7cae3027754b5/idna-3.19-py3-none-any.whl", hash = "sha256:815e7be7a7806d54abb586dc943addc79e8b2ee16915059658cbeff4b1b43bf4", size = 68550, upload-time = "2026-08-18T05:14:22.343Z" },
]

[[package]]
name = "learning-llms-lab"
version = "0.1.0"
source = { virtual = "." }
dependencies = [
    { name = "tokenizers" },
]

[package.optional-dependencies]
apple = [
    { name = "mlx", marker = "platform_machine == 'arm64' and sys_platform == 'darwin'" },
]
linux-cpu = [
    { name = "mlx", extra = ["cpu"], marker = "sys_platform == 'linux'" },
]
linux-cuda12 = [
    { name = "mlx", extra = ["cuda12"], marker = "sys_platform == 'linux'" },
]
linux-cuda13 = [
    { name = "mlx", extra = ["cuda13"], marker = "sys_platform == 'linux'" },
]

[package.metadata]
requires-dist = [
    { name = "mlx", marker = "platform_machine == 'arm64' and sys_platform == 'darwin' and extra == 'apple'", specifier = "==0.32.0" },
    { name = "mlx", extras = ["cpu"], marker = "sys_platform == 'linux' and extra == 'linux-cpu'", specifier = "==0.32.0" },
    { name = "mlx", extras = ["cuda12"], marker = "sys_platform == 'linux' and extra == 'linux-cuda12'", specifier = "==0.32.0" },
    { name = "mlx", extras = ["cuda13"], marker = "sys_platform == 'linux' and extra == 'linux-cuda13'", specifier = "==0.32.0" },
    { name = "tokenizers", specifier = "==0.23.1" },
]
provides-extras = ["apple", "linux-cpu", "linux-cuda12", "linux-cuda13"]

[[package]]
name = "mlx"
version = "0.32.0"
source = { registry = "https://pypi.org/simple" }
dependencies = [
    { name = "mlx-metal", marker = "sys_platform != 'linux'" },
]
wheels = [
    { url = "https://files.pythonhosted.org/packages/aa/a6/489176d8a2a06137a299910057cc44dc3fccfb73151f7562fea2b75894d9/mlx-0.32.0-cp312-cp312-macosx_14_0_arm64.whl", hash = "sha256:ea5a594355c89c0095eaba413fd39d4caa8642fa13432dfb0c9354d141046467", size = 558889, upload-time = "2026-07-07T17:55:45.268Z" },
    { url = "https://files.pythonhosted.org/packages/85/2a/5d1f1cb1b073c39c822e0c0be1e68f4ced6fd32ab15cf8bb1f448028842c/mlx-0.32.0-cp312-cp312-macosx_15_0_arm64.whl", hash = "sha256:e5f778001562ccce26cf6e5be1050d2afc78e2902bad206201ab9f5a6d0f886a", size = 558890, upload-time = "2026-07-07T17:55:46.701Z" },
    { url = "https://files.pythonhosted.org/packages/0f/01/02110ceacf4efd00ec172f60b4cd42c8b1509ac50ffa65a6a77d723133aa/mlx-0.32.0-cp312-cp312-macosx_26_0_arm64.whl", hash = "sha256:8dfb577faa4dc413cfd0d6eb78f230d3b3b6169df4473e84408abdeb21346e9d", size = 558856, upload-time = "2026-07-07T17:55:48.09Z" },
    { url = "https://files.pythonhosted.org/packages/5e/af/b16b7ab2670edf0f8f2cdeb2b6b3d5ab27a749b31ed74cb6825958ca0892/mlx-0.32.0-cp312-cp312-manylinux_2_35_aarch64.whl", hash = "sha256:50bc29bfaf31dff5138a472b56963bd6ece0fa67800c6c382745aaa41126d01f", size = 617769, upload-time = "2026-07-07T17:55:49.596Z" },
    { url = "https://files.pythonhosted.org/packages/40/ef/c326e05070f35c43a9775ce9dceaf155c8a9b2706a4c52d64e8999d4929a/mlx-0.32.0-cp312-cp312-manylinux_2_35_x86_64.whl", hash = "sha256:78804098c9f64978b6048ffdfd78689b9e06efa2a530c541d0bd73ce44d2f589", size = 675402, upload-time = "2026-07-07T17:55:51.148Z" },
    { url = "https://files.pythonhosted.org/packages/b6/be/ddc888d4a20c7602da06ad1a244f495010c6c7d2457f6253e8fa3c99ceea/mlx-0.32.0-cp313-cp313-macosx_14_0_arm64.whl", hash = "sha256:abb786ee1e9638759be82583222fc7d09c5650ef90ad2b7c5da7d1931a8676dc", size = 558795, upload-time = "2026-07-07T17:55:54.907Z" },
    { url = "https://files.pythonhosted.org/packages/38/b9/4f0ae7785fdb3fa7e44434908d832cbc7a9a1e096d046ac6fe953812c52c/mlx-0.32.0-cp313-cp313-macosx_15_0_arm64.whl", hash = "sha256:deb284f3a5cd0c3e87bed80c2bee9dcbf946bdad44d75592f6fb784da878c1c0", size = 558799, upload-time = "2026-07-07T17:55:56.844Z" },
    { url = "https://files.pythonhosted.org/packages/4c/a8/7bc999ce5d09dfac8961dcda4ed47e173fca2857492f34599b237380f20d/mlx-0.32.0-cp313-cp313-macosx_26_0_arm64.whl", hash = "sha256:4192a2d02014a13a6a1030bf13dfb4e4fe05ec3ffa47678ee37da29111e25cb1", size = 558786, upload-time = "2026-07-07T17:55:58.272Z" },
    { url = "https://files.pythonhosted.org/packages/83/cf/90980e28e6adaaf47d7951604ff2ac4ceb3952040f941bececb9b7a07a4c/mlx-0.32.0-cp313-cp313-manylinux_2_35_aarch64.whl", hash = "sha256:102043c6455fe0939509c1e96caec4678f51e241981238da97c83beeed5653f6", size = 617228, upload-time = "2026-07-07T17:55:59.603Z" },
    { url = "https://files.pythonhosted.org/packages/11/fa/e3608936caa02ebf7fc645e3289134918facb0cff6dcb563d51996a5b70e/mlx-0.32.0-cp313-cp313-manylinux_2_35_x86_64.whl", hash = "sha256:e5cdb9bf7c1a9320827a65f7ed63e3742d5b9280d31affc0c277e77982d465ae", size = 675294, upload-time = "2026-07-07T17:56:00.993Z" },
]

[package.optional-dependencies]
cpu = [
    { name = "mlx-cpu" },
]
cuda12 = [
    { name = "mlx-cuda-12" },
]
cuda13 = [
    { name = "mlx-cuda-13" },
]

[[package]]
name = "mlx-cpu"
version = "0.32.0"
source = { registry = "https://pypi.org/simple" }
wheels = [
    { url = "https://files.pythonhosted.org/packages/58/f7/5d9b53ad219d2ed31f66a103eba097e07a77bb5b0b0ea4dbfb12a8bfd224/mlx_cpu-0.32.0-py3-none-manylinux_2_35_aarch64.whl", hash = "sha256:b23f19d34073445b32a724358ba21bfb114a84021c9507be700479a191a9ae08", size = 8792264, upload-time = "2026-07-07T17:55:12.942Z" },
    { url = "https://files.pythonhosted.org/packages/0a/02/16c07a41e382312d6b86f1df5ee2975246b94f88a289c0468a9d9a5cd368/mlx_cpu-0.32.0-py3-none-manylinux_2_35_x86_64.whl", hash = "sha256:d5052fa8e1cbc135cc4b6fc09745f9a57a2cbd1b4def17449e965ef263239d75", size = 10370672, upload-time = "2026-07-07T17:55:15.263Z" },
]

[[package]]
name = "mlx-cuda-12"
version = "0.32.0"
source = { registry = "https://pypi.org/simple" }
dependencies = [
    { name = "nvidia-cublas-cu12" },
    { name = "nvidia-cuda-nvrtc-cu12" },
    { name = "nvidia-cudnn-cu12" },
    { name = "nvidia-cufft-cu12" },
    { name = "nvidia-nccl-cu12" },
]
wheels = [
    { url = "https://files.pythonhosted.org/packages/83/e3/344eead1594a5c9e04c19dcc90885d3c9f8135d1dafcb0e02e727a43dc8d/mlx_cuda_12-0.32.0-py3-none-manylinux_2_35_aarch64.whl", hash = "sha256:fb0d059da3f79c39fa0bc588f6f82a63fe2030f3ef49c099f9b76c8d0c7d6da4", size = 82230839, upload-time = "2026-07-07T17:55:17.813Z" },
    { url = "https://files.pythonhosted.org/packages/95/cd/3e29b39f4f9abfc3b2eb4266c8e7e6584b6332b73bfc843788cce9765ac4/mlx_cuda_12-0.32.0-py3-none-manylinux_2_35_x86_64.whl", hash = "sha256:7bd2257ace500eab7e86d7528e1b49e02bdd3de90192726198ff484bdef2b224", size = 84608422, upload-time = "2026-07-07T17:55:22.053Z" },
]

[[package]]
name = "mlx-cuda-13"
version = "0.32.0"
source = { registry = "https://pypi.org/simple" }
dependencies = [
    { name = "nvidia-cublas" },
    { name = "nvidia-cuda-nvrtc" },
    { name = "nvidia-cudnn-cu13" },
    { name = "nvidia-cufft" },
    { name = "nvidia-nccl-cu13" },
]
wheels = [
    { url = "https://files.pythonhosted.org/packages/50/8b/adb45599c6246d3ce5a8244423772b7b843aae76e0d515d3ad1d0dacd83f/mlx_cuda_13-0.32.0-py3-none-manylinux_2_35_aarch64.whl", hash = "sha256:dde359cf17bc721704d4792c17ce35cb05563749347be2b4c98e787adf16051e", size = 81971543, upload-time = "2026-07-07T17:55:30.211Z" },
    { url = "https://files.pythonhosted.org/packages/b6/44/fb97e22367e1def980ea408596c332a4b2631b22988a8684429f1a42d10b/mlx_cuda_13-0.32.0-py3-none-manylinux_2_35_x86_64.whl", hash = "sha256:f49a0691a811dd5d0a1200435c76405c1fb85d50b1f4856f2e3d3a96a89f3955", size = 84869230, upload-time = "2026-07-07T17:55:34.509Z" },
]

[[package]]
name = "mlx-metal"
version = "0.32.0"
source = { registry = "https://pypi.org/simple" }
wheels = [
    { url = "https://files.pythonhosted.org/packages/d6/ef/d74ae99cfe9ddb59fd08abd14f47754c3d199291a93756903fa595b31b8a/mlx_metal-0.32.0-py3-none-macosx_14_0_arm64.whl", hash = "sha256:5b64b20ac24b0c401f489de01e8209edc4d372125201f19314e6f39e385322aa", size = 40824649, upload-time = "2026-07-07T17:55:20.7Z" },
    { url = "https://files.pythonhosted.org/packages/d5/38/b96a3de98cfbb009592b3870af46ff63657b192f8d1e06c6c1faea5fbef3/mlx_metal-0.32.0-py3-none-macosx_15_0_arm64.whl", hash = "sha256:1bd94a1ce5b03a0c898771a3e759f0124300c6ab5155127906a1d50b1f3fcf19", size = 40818869, upload-time = "2026-07-07T17:55:25.059Z" },
    { url = "https://files.pythonhosted.org/packages/dc/59/65d32520175379df33f107749193aa94ea9db069167a36a1a100ff689f62/mlx_metal-0.32.0-py3-none-macosx_26_0_arm64.whl", hash = "sha256:3af76a498d84804f66119800499f9d143d7dffb0878a0dd0d7c2846e58565fd7", size = 56511379, upload-time = "2026-07-07T17:55:36.045Z" },
]

[[package]]
name = "nvidia-cublas"
version = "13.6.1.10"
source = { registry = "https://pypi.org/simple" }
dependencies = [
    { name = "nvidia-cuda-nvrtc" },
]
wheels = [
    { url = "https://files.pythonhosted.org/packages/42/51/a174a0e79793e528ef4645a9d554e3aa48fd8da3f9c9cf523c0176bb121b/nvidia_cublas-13.6.1.10-py3-none-manylinux_2_27_aarch64.whl", hash = "sha256:e05a431062a17cb9b02e2f37e67817b637051ce8fad57b388482c594396ddbb4", size = 518610411, upload-time = "2026-07-30T18:18:32.969Z" },
    { url = "https://files.pythonhosted.org/packages/dd/e9/288a93d8234b8f8ea0ccac7b8cc5d7aa4c663d9676c64f4a2eb3a1f9ffc4/nvidia_cublas-13.6.1.10-py3-none-manylinux_2_27_x86_64.whl", hash = "sha256:feb2ed8a1e211bc5774413efc0f1a08c4d5269b56f68b4ac6fe5408e57f7dc1c", size = 410475904, upload-time = "2026-07-30T18:19:26.388Z" },
]

[[package]]
name = "nvidia-cublas-cu12"
version = "12.9.2.10"
source = { registry = "https://pypi.org/simple" }
dependencies = [
    { name = "nvidia-cuda-nvrtc-cu12" },
]
wheels = [
    { url = "https://files.pythonhosted.org/packages/f7/a2/c96163a0fff1839c0c9548bbdeae7b853b867009e33b9b9264adc238b1cf/nvidia_cublas_cu12-12.9.2.10-py3-none-manylinux_2_27_aarch64.whl", hash = "sha256:5572131a59c3eebeeb1c4c8144f772d49372c20124916e072a0e3fc30df421d5", size = 575012079, upload-time = "2026-04-08T18:51:47.303Z" },
    { url = "https://files.pythonhosted.org/packages/cb/c0/0a517bfe63ccd3b92eb254d264e28fca3c7cab75d07daea315250fb1bf73/nvidia_cublas_cu12-12.9.2.10-py3-none-manylinux_2_27_x86_64.whl", hash = "sha256:e4f53a8ca8c5d6e8c492d0d0a3d565ecb59a751b19cfdaa4f6da0ab2104c1702", size = 581240110, upload-time = "2026-04-08T18:52:31.532Z" },
]

[[package]]
name = "nvidia-cuda-nvrtc"
version = "13.3.33"
source = { registry = "https://pypi.org/simple" }
wheels = [
    { url = "https://files.pythonhosted.org/packages/8b/2c/86916c8a34dcdb0c3ddd1c0e30545041bd781184e437b9cb76fcda70560b/nvidia_cuda_nvrtc-13.3.33-py3-none-manylinux2010_x86_64.manylinux_2_12_x86_64.whl", hash = "sha256:82530788b8c6164a54d3fd9ae8bcca8893d397c4aeb998861982a03bbe41e204", size = 51110910, upload-time = "2026-05-26T16:38:16.116Z" },
    { url = "https://files.pythonhosted.org/packages/e7/b6/60a3641111d39ebfcfcd8b8bfd0290d7623c4b8b5f90952c2d84776f8ca4/nvidia_cuda_nvrtc-13.3.33-py3-none-manylinux2014_aarch64.manylinux_2_17_aarch64.whl", hash = "sha256:7b05ecda494c6dabc44231a608b060a71008a730d9dfda932cc508e6d29159e0", size = 49260054, upload-time = "2026-05-26T16:37:51.177Z" },
]

[[package]]
name = "nvidia-cuda-nvrtc-cu12"
version = "12.9.86"
source = { registry = "https://pypi.org/simple" }
wheels = [
    { url = "https://files.pythonhosted.org/packages/b8/85/e4af82cc9202023862090bfca4ea827d533329e925c758f0cde964cb54b7/nvidia_cuda_nvrtc_cu12-12.9.86-py3-none-manylinux2010_x86_64.manylinux_2_12_x86_64.whl", hash = "sha256:210cf05005a447e29214e9ce50851e83fc5f4358df8b453155d5e1918094dcb4", size = 89568129, upload-time = "2025-06-05T20:02:41.973Z" },
    { url = "https://files.pythonhosted.org/packages/64/eb/c2295044b8f3b3b08860e2f6a912b702fc92568a167259df5dddb78f325e/nvidia_cuda_nvrtc_cu12-12.9.86-py3-none-manylinux2014_aarch64.manylinux_2_17_aarch64.whl", hash = "sha256:096d4de6bda726415dfaf3198d4f5c522b8e70139c97feef5cd2ca6d4cd9cead", size = 44528905, upload-time = "2025-06-05T20:02:29.754Z" },
]

[[package]]
name = "nvidia-cudnn-cu12"
version = "9.24.0.43"
source = { registry = "https://pypi.org/simple" }
dependencies = [
    { name = "nvidia-cublas-cu12" },
]
wheels = [
    { url = "https://files.pythonhosted.org/packages/9c/f1/cd42563325fa827f54ff30da05686c747652bdbd4cb5654cea54d7d0ad4f/nvidia_cudnn_cu12-9.24.0.43-py3-none-manylinux_2_27_aarch64.whl", hash = "sha256:a42996943f0cd78ddfd61c8bf59361672a19b63e0491aa22a53d6fe63a3f854a", size = 856490582, upload-time = "2026-07-02T16:21:30.924Z" },
    { url = "https://files.pythonhosted.org/packages/10/13/b8887c869cf2471339a24b60d3c28e761facbb534935f572b61423371abb/nvidia_cudnn_cu12-9.24.0.43-py3-none-manylinux_2_27_x86_64.whl", hash = "sha256:f424192dd85e7d29f44be18df2dae4c80d32c67a29c0d42f5c283c40cfdf871c", size = 799083985, upload-time = "2026-07-02T16:25:37.467Z" },
]

[[package]]
name = "nvidia-cudnn-cu13"
version = "9.24.0.43"
source = { registry = "https://pypi.org/simple" }
dependencies = [
    { name = "nvidia-cublas" },
]
wheels = [
    { url = "https://files.pythonhosted.org/packages/ca/30/7c257e3d5cb4fecb147b93895c66e29c93f8e76d74b45bb418ff0587c4ec/nvidia_cudnn_cu13-9.24.0.43-py3-none-manylinux_2_27_aarch64.whl", hash = "sha256:a6812a554a1ff0413e9c52b84c26c050380649ab9615f9c16bded368ce9f421f", size = 650976863, upload-time = "2026-07-02T16:23:39.248Z" },
    { url = "https://files.pythonhosted.org/packages/5c/ba/791cffd048fe5b044e620df55267e3e95c0e6e07d50b41e377c03dfc910f/nvidia_cudnn_cu13-9.24.0.43-py3-none-manylinux_2_27_x86_64.whl", hash = "sha256:71f181cd810e90f9b6023b01186fe82d13d65f0ec098581ee201d39fad769e4b", size = 553099438, upload-time = "2026-07-02T16:27:42.58Z" },
]

[[package]]
name = "nvidia-cufft"
version = "12.3.0.29"
source = { registry = "https://pypi.org/simple" }
dependencies = [
    { name = "nvidia-nvjitlink" },
]
wheels = [
    { url = "https://files.pythonhosted.org/packages/f9/bc/543e6dfbcb659ed07a94a72d8925c8b5688dabc1f616ab2f6575483a3cb6/nvidia_cufft-12.3.0.29-py3-none-manylinux2014_aarch64.manylinux_2_17_aarch64.whl", hash = "sha256:3c268ec73fdbfd22e42913dcef6e49e0c305ab09cd9848268a841cbe9f33f748", size = 184700143, upload-time = "2026-05-26T16:45:25.443Z" },
    { url = "https://files.pythonhosted.org/packages/e7/00/fab4a29fa1d7eb43bc6b94de4e86312c5e425d5582e58b9641300b9dffc7/nvidia_cufft-12.3.0.29-py3-none-manylinux2014_x86_64.manylinux_2_17_x86_64.whl", hash = "sha256:edb25c0626bd202ee5acc035b5dd361a3b89ed3b75a81a52df72c89150cb57c2", size = 184730406, upload-time = "2026-05-26T16:46:18.193Z" },
]

[[package]]
name = "nvidia-cufft-cu12"
version = "11.4.1.4"
source = { registry = "https://pypi.org/simple" }
dependencies = [
    { name = "nvidia-nvjitlink-cu12" },
]
wheels = [
    { url = "https://files.pythonhosted.org/packages/9b/2b/76445b0af890da61b501fde30650a1a4bd910607261b209cccb5235d3daa/nvidia_cufft_cu12-11.4.1.4-py3-none-manylinux2014_aarch64.manylinux_2_17_aarch64.whl", hash = "sha256:1a28c9b12260a1aa7a8fd12f5ebd82d027963d635ba82ff39a1acfa7c4c0fbcf", size = 200822453, upload-time = "2025-06-05T20:05:27.889Z" },
    { url = "https://files.pythonhosted.org/packages/95/f4/61e6996dd20481ee834f57a8e9dca28b1869366a135e0d42e2aa8493bdd4/nvidia_cufft_cu12-11.4.1.4-py3-none-manylinux2014_x86_64.manylinux_2_17_x86_64.whl", hash = "sha256:c67884f2a7d276b4b80eb56a79322a95df592ae5e765cf1243693365ccab4e28", size = 200877592, upload-time = "2025-06-05T20:05:45.862Z" },
]

[[package]]
name = "nvidia-nccl-cu12"
version = "2.31.2"
source = { registry = "https://pypi.org/simple" }
wheels = [
    { url = "https://files.pythonhosted.org/packages/37/85/b073e54c993cd9f79faa955d7c9bd7356da408935483aebc3cbb53a922ec/nvidia_nccl_cu12-2.31.2-py3-none-manylinux_2_18_aarch64.whl", hash = "sha256:f208de397e431631eab0eca946444404a495d43a007535baa333d7de9e510ca2", size = 342026203, upload-time = "2026-08-11T23:23:40.509Z" },
    { url = "https://files.pythonhosted.org/packages/0f/36/104de52d6368f5b7f886e8fd252e0a438fe73a215e59b1b47f93a80ae2ea/nvidia_nccl_cu12-2.31.2-py3-none-manylinux_2_18_x86_64.whl", hash = "sha256:f9b1dc3c2a7e20176054144ebb3b32fea83b40402ee5d7ac7045cd11ecc956c0", size = 342105414, upload-time = "2026-08-11T23:24:24.167Z" },
]

[[package]]
name = "nvidia-nccl-cu13"
version = "2.31.2"
source = { registry = "https://pypi.org/simple" }
wheels = [
    { url = "https://files.pythonhosted.org/packages/52/a0/530efd7db8857c0436868bb7df9764f09fde2bd4d1f0bae546eec9fc40d0/nvidia_nccl_cu13-2.31.2-py3-none-manylinux_2_18_aarch64.whl", hash = "sha256:b5563f8e2534f363d93ace022670ba016d3717e190ac4eba564d05fbbe8495b1", size = 252479893, upload-time = "2026-08-11T23:22:01.53Z" },
    { url = "https://files.pythonhosted.org/packages/14/fb/94933e00bb3dcfdf66ea3456739c6a51d322353f7cc64fa1f5f660e695ac/nvidia_nccl_cu13-2.31.2-py3-none-manylinux_2_18_x86_64.whl", hash = "sha256:0bcaf0308854cb55fcc35af72e2c83143f3b71e65a4e865e2c586b1cdcdb5ae0", size = 252442223, upload-time = "2026-08-11T23:22:40.341Z" },
]

[[package]]
name = "nvidia-nvjitlink"
version = "13.3.33"
source = { registry = "https://pypi.org/simple" }
wheels = [
    { url = "https://files.pythonhosted.org/packages/f0/ee/580ca6f29dcab0221db8706badca1bbbb084f1975c4d4e83329c3a7e31f0/nvidia_nvjitlink-13.3.33-py3-none-manylinux2010_x86_64.manylinux_2_12_x86_64.whl", hash = "sha256:26a6de7fb4c8fdaa7703d3dad720d6d427ddfea5c48a528fd97c11733ad830e5", size = 40742423, upload-time = "2026-05-26T16:54:51.613Z" },
    { url = "https://files.pythonhosted.org/packages/69/30/45414e35ff2eee7db3da037e5707037ccf9d2b5218ffbdb055ea4d5aa98a/nvidia_nvjitlink-13.3.33-py3-none-manylinux2014_aarch64.manylinux_2_17_aarch64.whl", hash = "sha256:ce48b37dfeb3cb1eae4cf85adacb47d7a6539ea2272870c9a3628ce275c2037e", size = 39168635, upload-time = "2026-05-26T16:54:13.906Z" },
]

[[package]]
name = "nvidia-nvjitlink-cu12"
version = "12.9.86"
source = { registry = "https://pypi.org/simple" }
wheels = [
    { url = "https://files.pythonhosted.org/packages/46/0c/c75bbfb967457a0b7670b8ad267bfc4fffdf341c074e0a80db06c24ccfd4/nvidia_nvjitlink_cu12-12.9.86-py3-none-manylinux2010_x86_64.manylinux_2_12_x86_64.whl", hash = "sha256:e3f1171dbdc83c5932a45f0f4c99180a70de9bd2718c1ab77d14104f6d7147f9", size = 39748338, upload-time = "2025-06-05T20:10:25.613Z" },
    { url = "https://files.pythonhosted.org/packages/97/bc/2dcba8e70cf3115b400fef54f213bcd6715a3195eba000f8330f11e40c45/nvidia_nvjitlink_cu12-12.9.86-py3-none-manylinux2014_aarch64.manylinux_2_17_aarch64.whl", hash = "sha256:994a05ef08ef4b0b299829cde613a424382aff7efb08a7172c1fa616cc3af2ca", size = 39514880, upload-time = "2025-06-05T20:10:04.89Z" },
]

[[package]]
name = "packaging"
version = "26.3"
source = { registry = "https://pypi.org/simple" }
sdist = { url = "https://files.pythonhosted.org/packages/7d/fa/3944b40b07da9ce895c0e6303a5ab7d53da063554f534556b134a54d6093/packaging-26.3.tar.gz", hash = "sha256:94edc256424af38762eb31306eed28beb9f0efc50a8837492c9d6fd6004aed79", size = 313412, upload-time = "2026-08-04T18:15:28.737Z" }
wheels = [
    { url = "https://files.pythonhosted.org/packages/63/34/ba1c580383c9eada3711951fef0795c80b829a078d72188184bcab9dd527/packaging-26.3-py3-none-any.whl", hash = "sha256:d7193f7c8e4e93f444fde0262bf90af30e16fa0ad0ad44cb553c87339b23cd1c", size = 129956, upload-time = "2026-08-04T18:15:27.159Z" },
]

[[package]]
name = "pyyaml"
version = "6.0.3"
source = { registry = "https://pypi.org/simple" }
sdist = { url = "https://files.pythonhosted.org/packages/05/8e/961c0007c59b8dd7729d542c61a4d537767a59645b82a0b521206e1e25c2/pyyaml-6.0.3.tar.gz", hash = "sha256:d76623373421df22fb4cf8817020cbb7ef15c725b9d5e45f17e189bfc384190f", size = 130960, upload-time = "2025-09-25T21:33:16.546Z" }
wheels = [
    { url = "https://files.pythonhosted.org/packages/d1/33/422b98d2195232ca1826284a76852ad5a86fe23e31b009c9886b2d0fb8b2/pyyaml-6.0.3-cp312-cp312-macosx_10_13_x86_64.whl", hash = "sha256:7f047e29dcae44602496db43be01ad42fc6f1cc0d8cd6c83d342306c32270196", size = 182063, upload-time = "2025-09-25T21:32:11.445Z" },
    { url = "https://files.pythonhosted.org/packages/89/a0/6cf41a19a1f2f3feab0e9c0b74134aa2ce6849093d5517a0c550fe37a648/pyyaml-6.0.3-cp312-cp312-macosx_11_0_arm64.whl", hash = "sha256:fc09d0aa354569bc501d4e787133afc08552722d3ab34836a80547331bb5d4a0", size = 173973, upload-time = "2025-09-25T21:32:12.492Z" },
    { url = "https://files.pythonhosted.org/packages/ed/23/7a778b6bd0b9a8039df8b1b1d80e2e2ad78aa04171592c8a5c43a56a6af4/pyyaml-6.0.3-cp312-cp312-manylinux2014_aarch64.manylinux_2_17_aarch64.manylinux_2_28_aarch64.whl", hash = "sha256:9149cad251584d5fb4981be1ecde53a1ca46c891a79788c0df828d2f166bda28", size = 775116, upload-time = "2025-09-25T21:32:13.652Z" },
    { url = "https://files.pythonhosted.org/packages/65/30/d7353c338e12baef4ecc1b09e877c1970bd3382789c159b4f89d6a70dc09/pyyaml-6.0.3-cp312-cp312-manylinux2014_s390x.manylinux_2_17_s390x.manylinux_2_28_s390x.whl", hash = "sha256:5fdec68f91a0c6739b380c83b951e2c72ac0197ace422360e6d5a959d8d97b2c", size = 844011, upload-time = "2025-09-25T21:32:15.21Z" },
    { url = "https://files.pythonhosted.org/packages/8b/9d/b3589d3877982d4f2329302ef98a8026e7f4443c765c46cfecc8858c6b4b/pyyaml-6.0.3-cp312-cp312-manylinux2014_x86_64.manylinux_2_17_x86_64.manylinux_2_28_x86_64.whl", hash = "sha256:ba1cc08a7ccde2d2ec775841541641e4548226580ab850948cbfda66a1befcdc", size = 807870, upload-time = "2025-09-25T21:32:16.431Z" },
    { url = "https://files.pythonhosted.org/packages/05/c0/b3be26a015601b822b97d9149ff8cb5ead58c66f981e04fedf4e762f4bd4/pyyaml-6.0.3-cp312-cp312-musllinux_1_2_aarch64.whl", hash = "sha256:8dc52c23056b9ddd46818a57b78404882310fb473d63f17b07d5c40421e47f8e", size = 761089, upload-time = "2025-09-25T21:32:17.56Z" },
    { url = "https://files.pythonhosted.org/packages/be/8e/98435a21d1d4b46590d5459a22d88128103f8da4c2d4cb8f14f2a96504e1/pyyaml-6.0.3-cp312-cp312-musllinux_1_2_x86_64.whl", hash = "sha256:41715c910c881bc081f1e8872880d3c650acf13dfa8214bad49ed4cede7c34ea", size = 790181, upload-time = "2025-09-25T21:32:18.834Z" },
    { url = "https://files.pythonhosted.org/packages/74/93/7baea19427dcfbe1e5a372d81473250b379f04b1bd3c4c5ff825e2327202/pyyaml-6.0.3-cp312-cp312-win32.whl", hash = "sha256:96b533f0e99f6579b3d4d4995707cf36df9100d67e0c8303a0c55b27b5f99bc5", size = 137658, upload-time = "2025-09-25T21:32:20.209Z" },
    { url = "https://files.pythonhosted.org/packages/86/bf/899e81e4cce32febab4fb42bb97dcdf66bc135272882d1987881a4b519e9/pyyaml-6.0.3-cp312-cp312-win_amd64.whl", hash = "sha256:5fcd34e47f6e0b794d17de1b4ff496c00986e1c83f7ab2fb8fcfe9616ff7477b", size = 154003, upload-time = "2025-09-25T21:32:21.167Z" },
    { url = "https://files.pythonhosted.org/packages/1a/08/67bd04656199bbb51dbed1439b7f27601dfb576fb864099c7ef0c3e55531/pyyaml-6.0.3-cp312-cp312-win_arm64.whl", hash = "sha256:64386e5e707d03a7e172c0701abfb7e10f0fb753ee1d773128192742712a98fd", size = 140344, upload-time = "2025-09-25T21:32:22.617Z" },
    { url = "https://files.pythonhosted.org/packages/d1/11/0fd08f8192109f7169db964b5707a2f1e8b745d4e239b784a5a1dd80d1db/pyyaml-6.0.3-cp313-cp313-macosx_10_13_x86_64.whl", hash = "sha256:8da9669d359f02c0b91ccc01cac4a67f16afec0dac22c2ad09f46bee0697eba8", size = 181669, upload-time = "2025-09-25T21:32:23.673Z" },
    { url = "https://files.pythonhosted.org/packages/b1/16/95309993f1d3748cd644e02e38b75d50cbc0d9561d21f390a76242ce073f/pyyaml-6.0.3-cp313-cp313-macosx_11_0_arm64.whl", hash = "sha256:2283a07e2c21a2aa78d9c4442724ec1eb15f5e42a723b99cb3d822d48f5f7ad1", size = 173252, upload-time = "2025-09-25T21:32:25.149Z" },
    { url = "https://files.pythonhosted.org/packages/50/31/b20f376d3f810b9b2371e72ef5adb33879b25edb7a6d072cb7ca0c486398/pyyaml-6.0.3-cp313-cp313-manylinux2014_aarch64.manylinux_2_17_aarch64.manylinux_2_28_aarch64.whl", hash = "sha256:ee2922902c45ae8ccada2c5b501ab86c36525b883eff4255313a253a3160861c", size = 767081, upload-time = "2025-09-25T21:32:26.575Z" },
    { url = "https://files.pythonhosted.org/packages/49/1e/a55ca81e949270d5d4432fbbd19dfea5321eda7c41a849d443dc92fd1ff7/pyyaml-6.0.3-cp313-cp313-manylinux2014_s390x.manylinux_2_17_s390x.manylinux_2_28_s390x.whl", hash = "sha256:a33284e20b78bd4a18c8c2282d549d10bc8408a2a7ff57653c0cf0b9be0afce5", size = 841159, upload-time = "2025-09-25T21:32:27.727Z" },
    { url = "https://files.pythonhosted.org/packages/74/27/e5b8f34d02d9995b80abcef563ea1f8b56d20134d8f4e5e81733b1feceb2/pyyaml-6.0.3-cp313-cp313-manylinux2014_x86_64.manylinux_2_17_x86_64.manylinux_2_28_x86_64.whl", hash = "sha256:0f29edc409a6392443abf94b9cf89ce99889a1dd5376d94316ae5145dfedd5d6", size = 801626, upload-time = "2025-09-25T21:32:28.878Z" },
    { url = "https://files.pythonhosted.org/packages/f9/11/ba845c23988798f40e52ba45f34849aa8a1f2d4af4b798588010792ebad6/pyyaml-6.0.3-cp313-cp313-musllinux_1_2_aarch64.whl", hash = "sha256:f7057c9a337546edc7973c0d3ba84ddcdf0daa14533c2065749c9075001090e6", size = 753613, upload-time = "2025-09-25T21:32:30.178Z" },
    { url = "https://files.pythonhosted.org/packages/3d/e0/7966e1a7bfc0a45bf0a7fb6b98ea03fc9b8d84fa7f2229e9659680b69ee3/pyyaml-6.0.3-cp313-cp313-musllinux_1_2_x86_64.whl", hash = "sha256:eda16858a3cab07b80edaf74336ece1f986ba330fdb8ee0d6c0d68fe82bc96be", size = 794115, upload-time = "2025-09-25T21:32:31.353Z" },
    { url = "https://files.pythonhosted.org/packages/de/94/980b50a6531b3019e45ddeada0626d45fa85cbe22300844a7983285bed3b/pyyaml-6.0.3-cp313-cp313-win32.whl", hash = "sha256:d0eae10f8159e8fdad514efdc92d74fd8d682c933a6dd088030f3834bc8e6b26", size = 137427, upload-time = "2025-09-25T21:32:32.58Z" },
    { url = "https://files.pythonhosted.org/packages/97/c9/39d5b874e8b28845e4ec2202b5da735d0199dbe5b8fb85f91398814a9a46/pyyaml-6.0.3-cp313-cp313-win_amd64.whl", hash = "sha256:79005a0d97d5ddabfeeea4cf676af11e647e41d81c9a7722a193022accdb6b7c", size = 154090, upload-time = "2025-09-25T21:32:33.659Z" },
    { url = "https://files.pythonhosted.org/packages/73/e8/2bdf3ca2090f68bb3d75b44da7bbc71843b19c9f2b9cb9b0f4ab7a5a4329/pyyaml-6.0.3-cp313-cp313-win_arm64.whl", hash = "sha256:5498cd1645aa724a7c71c8f378eb29ebe23da2fc0d7a08071d89469bf1d2defb", size = 140246, upload-time = "2025-09-25T21:32:34.663Z" },
]

[[package]]
name = "tokenizers"
version = "0.23.1"
source = { registry = "https://pypi.org/simple" }
dependencies = [
    { name = "huggingface-hub" },
]
sdist = { url = "https://files.pythonhosted.org/packages/c1/60/21f715d9faba5f5407ff759472ade058ec4a507ad62bcea47cb847239a73/tokenizers-0.23.1.tar.gz", hash = "sha256:1feeeadf865a7915adc25445dea30e9933e593c31bb96c277cee36de227c8bfa", size = 365748, upload-time = "2026-04-27T14:43:25.606Z" }
wheels = [
    { url = "https://files.pythonhosted.org/packages/87/39/b87a87d5bb9470610b80a2d31df42fcffeaf35118b8b97952b2aff598cc7/tokenizers-0.23.1-cp310-abi3-macosx_10_12_x86_64.whl", hash = "sha256:e03d6ffcbe0d56ee9c1ccd070e70a13fa750727c0277e138152acbc0252c2224", size = 3146732, upload-time = "2026-04-27T14:43:15.427Z" },
    { url = "https://files.pythonhosted.org/packages/e2/6a/068ed9f6e444c9d7e9d55ce134181325700f3d7f30410721bdc8f848d727/tokenizers-0.23.1-cp310-abi3-macosx_11_0_arm64.whl", hash = "sha256:e0948bbb1ac1d7cdfc9fb6d62c596e3b7550036ad60ecd654a66ad273326324e", size = 3054954, upload-time = "2026-04-27T14:43:13.745Z" },
    { url = "https://files.pythonhosted.org/packages/6c/36/e006edf031154cba92b8416057d92c3abe3635e4c4b0aa0b5b9bb39dde70/tokenizers-0.23.1-cp310-abi3-manylinux_2_17_aarch64.manylinux2014_aarch64.whl", hash = "sha256:1bf13402aff9bc533c89cb849ec3b412dc3fbeacc9744840e423d7bf3f7dc0e3", size = 3374081, upload-time = "2026-04-27T14:43:01.241Z" },
    { url = "https://files.pythonhosted.org/packages/a2/ef/7735d226f9c7f874a6bee5e3f27fb25ecabdf207d37b8cf45286d0795893/tokenizers-0.23.1-cp310-abi3-manylinux_2_17_armv7l.manylinux2014_armv7l.whl", hash = "sha256:f836ca703b89ae07919a309f9651f7a88fd5a33d5f718ba5ad0870ec0256bad6", size = 3247641, upload-time = "2026-04-27T14:43:03.856Z" },
    { url = "https://files.pythonhosted.org/packages/b9/d9/24827036f6e21297bfffda0768e58eb6096a4f411e932964a01707857931/tokenizers-0.23.1-cp310-abi3-manylinux_2_17_i686.manylinux2014_i686.whl", hash = "sha256:ae848657742035523fdf261773630cb819a26995fcd3d9ecae0c1daf6e5a4959", size = 3585624, upload-time = "2026-04-27T14:43:10.664Z" },
    { url = "https://files.pythonhosted.org/packages/0c/9a/22f3582b3a4f49358293a5206e25317621ee4526bfe9cdaa0f07a12e770e/tokenizers-0.23.1-cp310-abi3-manylinux_2_17_ppc64le.manylinux2014_ppc64le.whl", hash = "sha256:53b09e85775d5187941e7bab30e941b4134ab4a7dd8c68e783d231fb7ca27c51", size = 3844062, upload-time = "2026-04-27T14:43:05.643Z" },
    { url = "https://files.pythonhosted.org/packages/7e/65/b8f8814eef95800f20721384136d9a1d22241d50b2874357cb70542c392f/tokenizers-0.23.1-cp310-abi3-manylinux_2_17_s390x.manylinux2014_s390x.whl", hash = "sha256:ea5a0ce170074329faaa8ea3f6400ecde604b6678192688533af80980daae71a", size = 3460098, upload-time = "2026-04-27T14:43:08.854Z" },
    { url = "https://files.pythonhosted.org/packages/0d/d5/1353e5f677ec27c2494fb6a6725e82d56c985f53e90ec511369e7e4f02c6/tokenizers-0.23.1-cp310-abi3-manylinux_2_17_x86_64.manylinux2014_x86_64.whl", hash = "sha256:5075b405006415ea148a992d093699c66eb01952bf59f4d5727089a98bda45a4", size = 3346235, upload-time = "2026-04-27T14:43:12.377Z" },
    { url = "https://files.pythonhosted.org/packages/71/89/39b6b8fc073fb6d413d0147aa333dc7eff7be65639ac9d19930a0b21bf33/tokenizers-0.23.1-cp310-abi3-manylinux_2_31_riscv64.whl", hash = "sha256:56f3a77de629917652f876294dc9fe6bad4a0c43bc229dc72e59bb23a0f4729a", size = 3426398, upload-time = "2026-04-27T14:43:07.264Z" },
    { url = "https://files.pythonhosted.org/packages/0f/80/127c854da64827e5b79264ce524993a90dddcb320e5cd42412c5c02f9e8a/tokenizers-0.23.1-cp310-abi3-musllinux_1_2_aarch64.whl", hash = "sha256:9d10a6d957ef01896dc274e890eee27d41bd0e74ef31e60616f0fc311345184e", size = 9823279, upload-time = "2026-04-27T14:43:17.222Z" },
    { url = "https://files.pythonhosted.org/packages/fe/ba/44c2502feb1a058f096ddfb4e0996ef3225a01a388e1a9b094e91689fe93/tokenizers-0.23.1-cp310-abi3-musllinux_1_2_armv7l.whl", hash = "sha256:1974288a609c343774f1b897c8b482c791ab17b75ab5c8c2b1737565c1d82288", size = 9644986, upload-time = "2026-04-27T14:43:19.45Z" },
    { url = "https://files.pythonhosted.org/packages/9e/c1/464019a9fb059870bfe4eebb4ba12208f3042035e258bf5e782906bd3847/tokenizers-0.23.1-cp310-abi3-musllinux_1_2_i686.whl", hash = "sha256:120468fb4c24faf0543c835a4fabafa4deb3f20a035c9b6e83d0b553a97615d4", size = 9976181, upload-time = "2026-04-27T14:43:21.463Z" },
    { url = "https://files.pythonhosted.org/packages/79/94/3ac1432bda31626071e9b6a12709b97ae05131c804b94c8f3ac622c5da32/tokenizers-0.23.1-cp310-abi3-musllinux_1_2_x86_64.whl", hash = "sha256:e3d8f40ea6268047de7046906326abed5134f27d4e8447b23763afe5808c8a96", size = 10113853, upload-time = "2026-04-27T14:43:23.617Z" },
    { url = "https://files.pythonhosted.org/packages/6a/dd/631b21433c771b1382535326f0eca80b9c9cee2e64961dd993bc9ac4669e/tokenizers-0.23.1-cp310-abi3-win32.whl", hash = "sha256:93120a930b919416da7cd10a2f606ac9919cc69cacae7980fa2140e277660948", size = 2536263, upload-time = "2026-04-27T14:43:29.888Z" },
    { url = "https://files.pythonhosted.org/packages/97/c9/2553f72aaf65a2797d4229e37fa7fbe38ffbf3e32912d31bdd78b3323e59/tokenizers-0.23.1-cp310-abi3-win_amd64.whl", hash = "sha256:e7bfaf995c1bdbbd21d13539decb6650967013759318627d85daeb7881af16b7", size = 2798223, upload-time = "2026-04-27T14:43:28.51Z" },
    { url = "https://files.pythonhosted.org/packages/cd/2b/2be299bab55fc595e3d38567edb1a87f86e594842968fa9515a07bdcf422/tokenizers-0.23.1-cp310-abi3-win_arm64.whl", hash = "sha256:a26197957d8e4425dfba746315f3c425ea00cfa8367c5fbc4ec73447893dcea9", size = 2664127, upload-time = "2026-04-27T14:43:26.949Z" },
]

[[package]]
name = "tqdm"
version = "4.70.0"
source = { registry = "https://pypi.org/simple" }
dependencies = [
    { name = "colorama", marker = "sys_platform == 'win32'" },
]
sdist = { url = "https://files.pythonhosted.org/packages/21/3b/6c24bec5be5e743ffd99576daa5cc077722fc7d5bbc00bd133fa0c698dc6/tqdm-4.70.0.tar.gz", hash = "sha256:55b0b0dbd97462d06ebee91e4dac24ed4d4702be82b24f07e6c1d27e08cea220", size = 795438, upload-time = "2026-07-27T11:33:15.271Z" }
wheels = [
    { url = "https://files.pythonhosted.org/packages/f9/1c/01bfd571a64e7f270e6bab5e33777debe0edc56759233ce84f27dec92d14/tqdm-4.70.0-py3-none-any.whl", hash = "sha256:7f585706bfddbdebf89daac705b2dfcc16890130727d3197ca62c732b4310953", size = 80184, upload-time = "2026-07-27T11:33:13.167Z" },
]

[[package]]
name = "typing-extensions"
version = "4.16.0"
source = { registry = "https://pypi.org/simple" }
sdist = { url = "https://files.pythonhosted.org/packages/f6/cc/6253133b5bb138fc3306cebfbda2c520f545d36b5be2c7255cc528bb45d6/typing_extensions-4.16.0.tar.gz", hash = "sha256:dc983d19a509c94dba722ee6abd33940f7c05a89e243c47e907eb4db6f1a43e5", size = 113555, upload-time = "2026-07-02T08:40:05.92Z" }
wheels = [
    { url = "https://files.pythonhosted.org/packages/49/d3/b8441a820a491ddfc024b0b0cf0393375b75ea13866d9c66727e54c2fc80/typing_extensions-4.16.0-py3-none-any.whl", hash = "sha256:481caa481374e813c1b176ada14e97f1f67a4539ce9cfeb3f350d78d6370c2e8", size = 45571, upload-time = "2026-07-02T08:40:04.659Z" },
]
