version = 1
revision = 3
requires-python = ">=3.12, <3.14"

[[package]]
name = "learning-llms-lab"
version = "0.1.0"
source = { virtual = "." }
dependencies = [
    { name = "mlx" },
]

[package.metadata]
requires-dist = [{ name = "mlx", specifier = "==0.32.0" }]

[[package]]
name = "mlx"
version = "0.32.0"
source = { registry = "https://pypi.org/simple" }
dependencies = [
    { name = "mlx-metal", marker = "sys_platform == 'darwin'" },
]
wheels = [
    { url = "https://files.pythonhosted.org/packages/aa/a6/489176d8a2a06137a299910057cc44dc3fccfb73151f7562fea2b75894d9/mlx-0.32.0-cp312-cp312-macosx_14_0_arm64.whl", hash = "sha256:ea5a594355c89c0095eaba413fd39d4caa8642fa13432dfb0c9354d141046467", size = 558889, upload-time = "2026-07-07T17:55:45.268Z" },
    { url = "https://files.pythonhosted.org/packages/85/2a/5d1f1cb1b073c39c822e0c0be1e68f4ced6fd32ab15cf8bb1f448028842c/mlx-0.32.0-cp312-cp312-macosx_15_0_arm64.whl", hash = "sha256:e5f778001562ccce26cf6e5be1050d2afc78e2902bad206201ab9f5a6d0f886a", size = 558890, upload-time = "2026-07-07T17:55:46.701Z" },
    { url = "https://files.pythonhosted.org/packages/0f/01/02110ceacf4efd00ec172f60b4cd42c8b1509ac50ffa65a6a77d723133aa/mlx-0.32.0-cp312-cp312-macosx_26_0_arm64.whl", hash = "sha256:8dfb577faa4dc413cfd0d6eb78f230d3b3b6169df4473e84408abdeb21346e9d", size = 558856, upload-time = "2026-07-07T17:55:48.09Z" },
    { url = "https://files.pythonhosted.org/packages/5e/af/b16b7ab2670edf0f8f2cdeb2b6b3d5ab27a749b31ed74cb6825958ca0892/mlx-0.32.0-cp312-cp312-manylinux_2_35_aarch64.whl", hash = "sha256:50bc29bfaf31dff5138a472b56963bd6ece0fa67800c6c382745aaa41126d01f", size = 617769, upload-time = "2026-07-07T17:55:49.596Z" },
    { url = "https://files.pythonhosted.org/packages/40/ef/c326e05070f35c43a9775ce9dceaf155c8a9b2706a4c52d64e8999d4929a/mlx-0.32.0-cp312-cp312-manylinux_2_35_x86_64.whl", hash = "sha256:78804098c9f64978b6048ffdfd78689b9e06efa2a530c541d0bd73ce44d2f589", size = 675402, upload-time = "2026-07-07T17:55:51.148Z" },
    { url = "https://files.pythonhosted.org/packages/a2/e9/04cd133d18b4da1c00515c595c1cb6de7e2534938d2c3de2f3f2301c3466/mlx-0.32.0-cp312-cp312-win_amd64.whl", hash = "sha256:13ac6469479cda4bfd6954e0b574b92930b87073f7c79be121a68b31a3a6c596", size = 558048, upload-time = "2026-07-07T17:55:52.471Z" },
    { url = "https://files.pythonhosted.org/packages/60/f6/f27397f44c84138bcae00592a377fc5b1fc79d1dbfa820c1af20042f4c33/mlx-0.32.0-cp312-cp312-win_arm64.whl", hash = "sha256:7c8d3a7b506ab45b3f7976495126c16830d988ec53289134b2bb64dae1efb835", size = 543631, upload-time = "2026-07-07T17:55:53.681Z" },
    { url = "https://files.pythonhosted.org/packages/b6/be/ddc888d4a20c7602da06ad1a244f495010c6c7d2457f6253e8fa3c99ceea/mlx-0.32.0-cp313-cp313-macosx_14_0_arm64.whl", hash = "sha256:abb786ee1e9638759be82583222fc7d09c5650ef90ad2b7c5da7d1931a8676dc", size = 558795, upload-time = "2026-07-07T17:55:54.907Z" },
    { url = "https://files.pythonhosted.org/packages/38/b9/4f0ae7785fdb3fa7e44434908d832cbc7a9a1e096d046ac6fe953812c52c/mlx-0.32.0-cp313-cp313-macosx_15_0_arm64.whl", hash = "sha256:deb284f3a5cd0c3e87bed80c2bee9dcbf946bdad44d75592f6fb784da878c1c0", size = 558799, upload-time = "2026-07-07T17:55:56.844Z" },
    { url = "https://files.pythonhosted.org/packages/4c/a8/7bc999ce5d09dfac8961dcda4ed47e173fca2857492f34599b237380f20d/mlx-0.32.0-cp313-cp313-macosx_26_0_arm64.whl", hash = "sha256:4192a2d02014a13a6a1030bf13dfb4e4fe05ec3ffa47678ee37da29111e25cb1", size = 558786, upload-time = "2026-07-07T17:55:58.272Z" },
    { url = "https://files.pythonhosted.org/packages/83/cf/90980e28e6adaaf47d7951604ff2ac4ceb3952040f941bececb9b7a07a4c/mlx-0.32.0-cp313-cp313-manylinux_2_35_aarch64.whl", hash = "sha256:102043c6455fe0939509c1e96caec4678f51e241981238da97c83beeed5653f6", size = 617228, upload-time = "2026-07-07T17:55:59.603Z" },
    { url = "https://files.pythonhosted.org/packages/11/fa/e3608936caa02ebf7fc645e3289134918facb0cff6dcb563d51996a5b70e/mlx-0.32.0-cp313-cp313-manylinux_2_35_x86_64.whl", hash = "sha256:e5cdb9bf7c1a9320827a65f7ed63e3742d5b9280d31affc0c277e77982d465ae", size = 675294, upload-time = "2026-07-07T17:56:00.993Z" },
    { url = "https://files.pythonhosted.org/packages/65/96/4979a82390a69e7ff48a43d3ea5cac222ae6bc41c2ba56550f6f5bd416b3/mlx-0.32.0-cp313-cp313-win_amd64.whl", hash = "sha256:9fea39d8ecf1d08e5c3d5d70936d5a1ca6b890353c1b0b96c4e6232349d48e36", size = 558017, upload-time = "2026-07-07T17:56:02.307Z" },
    { url = "https://files.pythonhosted.org/packages/15/94/1b2a1e3b60fce6bd61ca8af3ccfe0da30f42184352a70123870fd960ce0d/mlx-0.32.0-cp313-cp313-win_arm64.whl", hash = "sha256:df6fa6785fb7a6f8d8e3e91c41074c885aa253b09c2b69e3c4d4f905e3c457e3", size = 543559, upload-time = "2026-07-07T17:56:03.644Z" },
]

[[package]]
name = "mlx-metal"
version = "0.32.0"
source = { registry = "https://pypi.org/simple" }
wheels = [
    { url = "https://files.pythonhosted.org/packages/d6/ef/d74ae99cfe9ddb59fd08abd14f47754c3d199291a93756903fa595b31b8a/mlx_metal-0.32.0-py3-none-macosx_14_0_arm64.whl", hash = "sha256:5b64b20ac24b0c401f489de01e8209edc4d372125201f19314e6f39e385322aa", size = 40824649, upload-time = "2026-07-07T17:55:20.7Z" },
    { url = "https://files.pythonhosted.org/packages/d5/38/b96a3de98cfbb009592b3870af46ff63657b192f8d1e06c6c1faea5fbef3/mlx_metal-0.32.0-py3-none-macosx_15_0_arm64.whl", hash = "sha256:1bd94a1ce5b03a0c898771a3e759f0124300c6ab5155127906a1d50b1f3fcf19", size = 40818869, upload-time = "2026-07-07T17:55:25.059Z" },
    { url = "https://files.pythonhosted.org/packages/dc/59/65d32520175379df33f107749193aa94ea9db069167a36a1a100ff689f62/mlx_metal-0.32.0-py3-none-macosx_26_0_arm64.whl", hash = "sha256:3af76a498d84804f66119800499f9d143d7dffb0878a0dd0d7c2846e58565fd7", size = 56511379, upload-time = "2026-07-07T17:55:36.045Z" },
]
